
Microsoft Visual Studio Solution File, Format Version 12.00
# Visual Studio Version 17
VisualStudioVersion = 17.0.31912.275
MinimumVisualStudioVersion = 15.0.26124.0
Project("{9A19103F-16F7-4668-BE54-9A1E7A4F7556}") = "BerghAdmin", "BerghAdmin\BerghAdmin.csproj", "{D8AFEB8D-2900-438D-8C8A-7B9142C9D882}"
EndProject
Project("{9A19103F-16F7-4668-BE54-9A1E7A4F7556}") = "BerghAdmin.Tests", "BerghAdmin.Tests\BerghAdmin.Tests.csproj", "{2010F4B8-175A-4632-8C81-6B1EF9C89BE7}"
EndProject
Project("{2150E333-8FDC-42A3-9474-1A3956D46DE8}") = "Solution Items", "Solution Items", "{D541B996-26CD-4915-8254-C42F988FCF2B}"
	ProjectSection(SolutionItems) = preProject
		BuildBihzRelease.ps1 = BuildBihzRelease.ps1
		DeployBihzRelease.ps1 = DeployBihzRelease.ps1
		EntityFrameworkHelp.txt = EntityFrameworkHelp.txt
		BerghAdmin\General\GlobalUsings.cs = BerghAdmin\General\GlobalUsings.cs
		RegExpressions.txt = RegExpressions.txt
		SecretsCommands.txt = SecretsCommands.txt
		SetSecrets.ps1 = SetSecrets.ps1
	EndProjectSection
EndProject
Project("{9A19103F-16F7-4668-BE54-9A1E7A4F7556}") = "BerghAdmin.ApplicationServices", "BerghAdmin.ApplicationServices\BerghAdmin.ApplicationServices.csproj", "{6AB22B6B-722A-4BB5-820A-D6173C422AA3}"
EndProject
Project("{9A19103F-16F7-4668-BE54-9A1E7A4F7556}") = "BerghAdmin.KentaaFunction", "BerghAdmin.KentaaFunction\BerghAdmin.KentaaFunction.csproj", "{8C1CB822-6ADE-41D6-8F59-E0A106634CAE}"
EndProject
Global
	GlobalSection(SolutionConfigurationPlatforms) = preSolution
		Debug|Any CPU = Debug|Any CPU
		Release|Any CPU = Release|Any CPU
	EndGlobalSection
	GlobalSection(ProjectConfigurationPlatforms) = postSolution
		{D8AFEB8D-2900-438D-8C8A-7B9142C9D882}.Debug|Any CPU.ActiveCfg = Debug|Any CPU
		{D8AFEB8D-2900-438D-8C8A-7B9142C9D882}.Debug|Any CPU.Build.0 = Debug|Any CPU
		{D8AFEB8D-2900-438D-8C8A-7B9142C9D882}.Release|Any CPU.ActiveCfg = Release|Any CPU
		{D8AFEB8D-2900-438D-8C8A-7B9142C9D882}.Release|Any CPU.Build.0 = Release|Any CPU
		{2010F4B8-175A-4632-8C81-6B1EF9C89BE7}.Debug|Any CPU.ActiveCfg = Debug|Any CPU
		{2010F4B8-175A-4632-8C81-6B1EF9C89BE7}.Debug|Any CPU.Build.0 = Debug|Any CPU
		{2010F4B8-175A-4632-8C81-6B1EF9C89BE7}.Release|Any CPU.ActiveCfg = Release|Any CPU
		{2010F4B8-175A-4632-8C81-6B1EF9C89BE7}.Release|Any CPU.Build.0 = Release|Any CPU
		{6AB22B6B-722A-4BB5-820A-D6173C422AA3}.Debug|Any CPU.ActiveCfg = Debug|Any CPU
		{6AB22B6B-722A-4BB5-820A-D6173C422AA3}.Debug|Any CPU.Build.0 = Debug|Any CPU
		{6AB22B6B-722A-4BB5-820A-D6173C422AA3}.Release|Any CPU.ActiveCfg = Release|Any CPU
		{6AB22B6B-722A-4BB5-820A-D6173C422AA3}.Release|Any CPU.Build.0 = Release|Any CPU
		{8C1CB822-6ADE-41D6-8F59-E0A106634CAE}.Debug|Any CPU.ActiveCfg = Debug|Any CPU
		{8C1CB822-6ADE-41D6-8F59-E0A106634CAE}.Debug|Any CPU.Build.0 = Debug|Any CPU
		{8C1CB822-6ADE-41D6-8F59-E0A106634CAE}.Release|Any CPU.ActiveCfg = Release|Any CPU
		{8C1CB822-6ADE-41D6-8F59-E0A106634CAE}.Release|Any CPU.Build.0 = Release|Any CPU
	EndGlobalSection
	GlobalSection(SolutionProperties) = preSolution
		HideSolutionNode = FALSE
	EndGlobalSection
	GlobalSection(ExtensibilityGlobals) = postSolution
		SolutionGuid = {24EF940D-9726-42D1-A5F9-6FA2C69A184C}
	EndGlobalSection
EndGlobal
