
Microsoft Visual Studio Solution File, Format Version 12.00
# Visual Studio 15
VisualStudioVersion = 15.0.26124.0
MinimumVisualStudioVersion = 15.0.26124.0
Project("{FAE04EC0-301F-11D3-BF4B-00C04F79EFBC}") = "BerghAdmin", "BerghAdmin\BerghAdmin.csproj", "{D8AFEB8D-2900-438D-8C8A-7B9142C9D882}"
EndProject
Project("{FAE04EC0-301F-11D3-BF4B-00C04F79EFBC}") = "BerghAdmin.Tests", "BerghAdmin.Tests\BerghAdmin.Tests.csproj", "{2010F4B8-175A-4632-8C81-6B1EF9C89BE7}"
EndProject
Global
	GlobalSection(SolutionConfigurationPlatforms) = preSolution
		Debug|Any CPU = Debug|Any CPU
		Debug|x64 = Debug|x64
		Debug|x86 = Debug|x86
		Release|Any CPU = Release|Any CPU
		Release|x64 = Release|x64
		Release|x86 = Release|x86
	EndGlobalSection
	GlobalSection(SolutionProperties) = preSolution
		HideSolutionNode = FALSE
	EndGlobalSection
	GlobalSection(ProjectConfigurationPlatforms) = postSolution
		{D8AFEB8D-2900-438D-8C8A-7B9142C9D882}.Debug|Any CPU.ActiveCfg = Debug|Any CPU
		{D8AFEB8D-2900-438D-8C8A-7B9142C9D882}.Debug|Any CPU.Build.0 = Debug|Any CPU
		{D8AFEB8D-2900-438D-8C8A-7B9142C9D882}.Debug|x64.ActiveCfg = Debug|Any CPU
		{D8AFEB8D-2900-438D-8C8A-7B9142C9D882}.Debug|x64.Build.0 = Debug|Any CPU
		{D8AFEB8D-2900-438D-8C8A-7B9142C9D882}.Debug|x86.ActiveCfg = Debug|Any CPU
		{D8AFEB8D-2900-438D-8C8A-7B9142C9D882}.Debug|x86.Build.0 = Debug|Any CPU
		{D8AFEB8D-2900-438D-8C8A-7B9142C9D882}.Release|Any CPU.ActiveCfg = Release|Any CPU
		{D8AFEB8D-2900-438D-8C8A-7B9142C9D882}.Release|Any CPU.Build.0 = Release|Any CPU
		{D8AFEB8D-2900-438D-8C8A-7B9142C9D882}.Release|x64.ActiveCfg = Release|Any CPU
		{D8AFEB8D-2900-438D-8C8A-7B9142C9D882}.Release|x64.Build.0 = Release|Any CPU
		{D8AFEB8D-2900-438D-8C8A-7B9142C9D882}.Release|x86.ActiveCfg = Release|Any CPU
		{D8AFEB8D-2900-438D-8C8A-7B9142C9D882}.Release|x86.Build.0 = Release|Any CPU
		{2010F4B8-175A-4632-8C81-6B1EF9C89BE7}.Debug|Any CPU.ActiveCfg = Debug|Any CPU
		{2010F4B8-175A-4632-8C81-6B1EF9C89BE7}.Debug|Any CPU.Build.0 = Debug|Any CPU
		{2010F4B8-175A-4632-8C81-6B1EF9C89BE7}.Debug|x64.ActiveCfg = Debug|Any CPU
		{2010F4B8-175A-4632-8C81-6B1EF9C89BE7}.Debug|x64.Build.0 = Debug|Any CPU
		{2010F4B8-175A-4632-8C81-6B1EF9C89BE7}.Debug|x86.ActiveCfg = Debug|Any CPU
		{2010F4B8-175A-4632-8C81-6B1EF9C89BE7}.Debug|x86.Build.0 = Debug|Any CPU
		{2010F4B8-175A-4632-8C81-6B1EF9C89BE7}.Release|Any CPU.ActiveCfg = Release|Any CPU
		{2010F4B8-175A-4632-8C81-6B1EF9C89BE7}.Release|Any CPU.Build.0 = Release|Any CPU
		{2010F4B8-175A-4632-8C81-6B1EF9C89BE7}.Release|x64.ActiveCfg = Release|Any CPU
		{2010F4B8-175A-4632-8C81-6B1EF9C89BE7}.Release|x64.Build.0 = Release|Any CPU
		{2010F4B8-175A-4632-8C81-6B1EF9C89BE7}.Release|x86.ActiveCfg = Release|Any CPU
		{2010F4B8-175A-4632-8C81-6B1EF9C89BE7}.Release|x86.Build.0 = Release|Any CPU
	EndGlobalSection
EndGlobal
